{
  "name": "clickupapis",
  "version": "1.0.2",
  "lockfileVersion": 3,
  "requires": true,
  "packages": {
    "": {
      "name": "clickupapis",
      "version": "1.0.2",
      "license": "ISC",
      "dependencies": {
        "xior": "^0.3.12"
      },
      "devDependencies": {
        "typescript": "^5.4.4"
      }
    },
    "node_modules/tiny-lru": {
      "version": "11.2.6",
      "resolved": "https://registry.npmjs.org/tiny-lru/-/tiny-lru-11.2.6.tgz",
      "integrity": "sha512-0PU3c9PjMnltZaFo2sGYv/nnJsMjG0Cxx8X6FXHPPGjFyoo1SJDxvUXW1207rdiSxYizf31roo+GrkIByQeZoA==",
      "engines": {
        "node": ">=12"
      }
    },
    "node_modules/ts-deepmerge": {
      "version": "7.0.0",
      "resolved": "https://registry.npmjs.org/ts-deepmerge/-/ts-deepmerge-7.0.0.tgz",
      "integrity": "sha512-WZ/iAJrKDhdINv1WG6KZIGHrZDar6VfhftG1QJFpVbOYZMYJLJOvZOo1amictRXVdBXZIgBHKswMTXzElngprA==",
      "engines": {
        "node": ">=14.13.1"
      }
    },
    "node_modules/typescript": {
      "version": "5.4.4",
      "resolved": "https://registry.npmjs.org/typescript/-/typescript-5.4.4.tgz",
      "integrity": "sha512-dGE2Vv8cpVvw28v8HCPqyb08EzbBURxDpuhJvTrusShUfGnhHBafDsLdS1EhhxyL6BJQE+2cT3dDPAv+MQ6oLw==",
      "dev": true,
      "bin": {
        "tsc": "bin/tsc",
        "tsserver": "bin/tsserver"
      },
      "engines": {
        "node": ">=14.17"
      }
    },
    "node_modules/xior": {
      "version": "0.3.12",
      "resolved": "https://registry.npmjs.org/xior/-/xior-0.3.12.tgz",
      "integrity": "sha512-jugPO7n8HxUGEWRP8evf1iZZblMeY3rJ/ym6epAzqUEiRHnaHAxBS8gu/Pm1q/SxeYDy69N4S89vZoplCS0xpQ==",
      "dependencies": {
        "tiny-lru": "^11.2.5",
        "ts-deepmerge": "^7.0.0"
      }
    }
  }
}
